// !$*UTF8*$!
{
	archiveVersion = 1;
	classes = {
	};
	objectVersion = 56;
	objects = {

/* Begin PBXBuildFile section */
		60A42E282B86738800D03997 /* hexColor.swift in Sources */ = {isa = PBXBuildFile; fileRef = 60A42E272B86738800D03997 /* hexColor.swift */; };
		632866072A704F52002040CE /* AnalysisView.swift in Sources */ = {isa = PBXBuildFile; fileRef = 632866062A704F52002040CE /* AnalysisView.swift */; };
		632866092A705C27002040CE /* CompleteView.swift in Sources */ = {isa = PBXBuildFile; fileRef = 632866082A705C27002040CE /* CompleteView.swift */; };
		6328660E2A717B90002040CE /* fart1.gif in Resources */ = {isa = PBXBuildFile; fileRef = 6328660D2A717B90002040CE /* fart1.gif */; };
		632866102A717C6F002040CE /* gifLoader.swift in Sources */ = {isa = PBXBuildFile; fileRef = 6328660F2A717C6F002040CE /* gifLoader.swift */; };
		632866352A717E14002040CE /* ViewController.swift in Sources */ = {isa = PBXBuildFile; fileRef = 632866332A717E14002040CE /* ViewController.swift */; };
		632866362A717E14002040CE /* Main.storyboard in Resources */ = {isa = PBXBuildFile; fileRef = 632866342A717E14002040CE /* Main.storyboard */; };
		632866382A71868F002040CE /* fart.gif in Resources */ = {isa = PBXBuildFile; fileRef = 632866372A71868F002040CE /* fart.gif */; };
		6328663A2A784648002040CE /* circle.gif in Resources */ = {isa = PBXBuildFile; fileRef = 632866392A784648002040CE /* circle.gif */; };
		635364D72A69849E001349F8 /* BluetoothManager1.swift in Sources */ = {isa = PBXBuildFile; fileRef = 635364D62A69849E001349F8 /* BluetoothManager1.swift */; };
		635364DA2A698643001349F8 /* PairedView.swift in Sources */ = {isa = PBXBuildFile; fileRef = 635364D92A698643001349F8 /* PairedView.swift */; };
		635364DD2A698CBA001349F8 /* TimerView.swift in Sources */ = {isa = PBXBuildFile; fileRef = 635364DC2A698CBA001349F8 /* TimerView.swift */; };
		635364E02A6AD1A4001349F8 /* WelcomeView.swift in Sources */ = {isa = PBXBuildFile; fileRef = 635364DF2A6AD1A4001349F8 /* WelcomeView.swift */; };
		635364E22A6AD1B1001349F8 /* InstructionView.swift in Sources */ = {isa = PBXBuildFile; fileRef = 635364E12A6AD1B1001349F8 /* InstructionView.swift */; };
		635364E42A6AD875001349F8 /* InstructionSheetView.swift in Sources */ = {isa = PBXBuildFile; fileRef = 635364E32A6AD875001349F8 /* InstructionSheetView.swift */; };
		63F4291D2A672C2A00D4C452 /* SmartUndiesV1App.swift in Sources */ = {isa = PBXBuildFile; fileRef = 63F4291C2A672C2A00D4C452 /* SmartUndiesV1App.swift */; };
		63F4291F2A672C2A00D4C452 /* ContentView.swift in Sources */ = {isa = PBXBuildFile; fileRef = 63F4291E2A672C2A00D4C452 /* ContentView.swift */; };
		63F429212A672C2C00D4C452 /* Assets.xcassets in Resources */ = {isa = PBXBuildFile; fileRef = 63F429202A672C2C00D4C452 /* Assets.xcassets */; };
		63F429242A672C2C00D4C452 /* Preview Assets.xcassets in Resources */ = {isa = PBXBuildFile; fileRef = 63F429232A672C2C00D4C452 /* Preview Assets.xcassets */; };
		63F4292B2A672D9600D4C452 /* PeripheralView.swift in Sources */ = {isa = PBXBuildFile; fileRef = 63F4292A2A672D9600D4C452 /* PeripheralView.swift */; };
		63F4292D2A672D9D00D4C452 /* BluetoothManager2.swift in Sources */ = {isa = PBXBuildFile; fileRef = 63F4292C2A672D9D00D4C452 /* BluetoothManager2.swift */; };
		63F4292F2A672DBC00D4C452 /* fileOperations.swift in Sources */ = {isa = PBXBuildFile; fileRef = 63F4292E2A672DBC00D4C452 /* fileOperations.swift */; };
		63F429312A672DF800D4C452 /* ConnectedView.swift in Sources */ = {isa = PBXBuildFile; fileRef = 63F429302A672DF800D4C452 /* ConnectedView.swift */; };
		63F429332A672E4E00D4C452 /* Parser.swift in Sources */ = {isa = PBXBuildFile; fileRef = 63F429322A672E4E00D4C452 /* Parser.swift */; };
		63F429352A672E6200D4C452 /* SortData.swift in Sources */ = {isa = PBXBuildFile; fileRef = 63F429342A672E6200D4C452 /* SortData.swift */; };
		63F429372A672E7500D4C452 /* MakeData.swift in Sources */ = {isa = PBXBuildFile; fileRef = 63F429362A672E7500D4C452 /* MakeData.swift */; };
		63F429392A672E7F00D4C452 /* ChartView.swift in Sources */ = {isa = PBXBuildFile; fileRef = 63F429382A672E7F00D4C452 /* ChartView.swift */; };
		63F4293C2A6981F600D4C452 /* PairView.swift in Sources */ = {isa = PBXBuildFile; fileRef = 63F4293B2A6981F600D4C452 /* PairView.swift */; };
/* End PBXBuildFile section */

/* Begin PBXFileReference section */
		60A42E272B86738800D03997 /* hexColor.swift */ = {isa = PBXFileReference; lastKnownFileType = sourcecode.swift; path = hexColor.swift; sourceTree = "<group>"; };
		632866062A704F52002040CE /* AnalysisView.swift */ = {isa = PBXFileReference; lastKnownFileType = sourcecode.swift; path = AnalysisView.swift; sourceTree = "<group>"; };
		632866082A705C27002040CE /* CompleteView.swift */ = {isa = PBXFileReference; lastKnownFileType = sourcecode.swift; path = CompleteView.swift; sourceTree = "<group>"; };
		6328660D2A717B90002040CE /* fart1.gif */ = {isa = PBXFileReference; lastKnownFileType = image.gif; path = fart1.gif; sourceTree = "<group>"; };
		6328660F2A717C6F002040CE /* gifLoader.swift */ = {isa = PBXFileReference; lastKnownFileType = sourcecode.swift; path = gifLoader.swift; sourceTree = "<group>"; };
		632866332A717E14002040CE /* ViewController.swift */ = {isa = PBXFileReference; fileEncoding = 4; lastKnownFileType = sourcecode.swift; path = ViewController.swift; sourceTree = "<group>"; };
		632866342A717E14002040CE /* Main.storyboard */ = {isa = PBXFileReference; fileEncoding = 4; lastKnownFileType = file.storyboard; path = Main.storyboard; sourceTree = "<group>"; };
		632866372A71868F002040CE /* fart.gif */ = {isa = PBXFileReference; lastKnownFileType = image.gif; path = fart.gif; sourceTree = "<group>"; };
		632866392A784648002040CE /* circle.gif */ = {isa = PBXFileReference; lastKnownFileType = image.gif; path = circle.gif; sourceTree = "<group>"; };
		635364D62A69849E001349F8 /* BluetoothManager1.swift */ = {isa = PBXFileReference; lastKnownFileType = sourcecode.swift; path = BluetoothManager1.swift; sourceTree = "<group>"; };
		635364D92A698643001349F8 /* PairedView.swift */ = {isa = PBXFileReference; lastKnownFileType = sourcecode.swift; path = PairedView.swift; sourceTree = "<group>"; };
		635364DC2A698CBA001349F8 /* TimerView.swift */ = {isa = PBXFileReference; lastKnownFileType = sourcecode.swift; path = TimerView.swift; sourceTree = "<group>"; };
		635364DE2A69AF15001349F8 /* Info.plist */ = {isa = PBXFileReference; lastKnownFileType = text.plist; path = Info.plist; sourceTree = "<group>"; };
		635364DF2A6AD1A4001349F8 /* WelcomeView.swift */ = {isa = PBXFileReference; lastKnownFileType = sourcecode.swift; path = WelcomeView.swift; sourceTree = "<group>"; };
		635364E12A6AD1B1001349F8 /* InstructionView.swift */ = {isa = PBXFileReference; lastKnownFileType = sourcecode.swift; path = InstructionView.swift; sourceTree = "<group>"; };
		635364E32A6AD875001349F8 /* InstructionSheetView.swift */ = {isa = PBXFileReference; lastKnownFileType = sourcecode.swift; path = InstructionSheetView.swift; sourceTree = "<group>"; };
		63F429192A672C2A00D4C452 /* SmartUndiesV1.app */ = {isa = PBXFileReference; explicitFileType = wrapper.application; includeInIndex = 0; path = SmartUndiesV1.app; sourceTree = BUILT_PRODUCTS_DIR; };
		63F4291C2A672C2A00D4C452 /* SmartUndiesV1App.swift */ = {isa = PBXFileReference; lastKnownFileType = sourcecode.swift; path = SmartUndiesV1App.swift; sourceTree = "<group>"; };
		63F4291E2A672C2A00D4C452 /* ContentView.swift */ = {isa = PBXFileReference; lastKnownFileType = sourcecode.swift; path = ContentView.swift; sourceTree = "<group>"; };
		63F429202A672C2C00D4C452 /* Assets.xcassets */ = {isa = PBXFileReference; lastKnownFileType = folder.assetcatalog; path = Assets.xcassets; sourceTree = "<group>"; };
		63F429232A672C2C00D4C452 /* Preview Assets.xcassets */ = {isa = PBXFileReference; lastKnownFileType = folder.assetcatalog; path = "Preview Assets.xcassets"; sourceTree = "<group>"; };
		63F4292A2A672D9600D4C452 /* PeripheralView.swift */ = {isa = PBXFileReference; fileEncoding = 4; lastKnownFileType = sourcecode.swift; path = PeripheralView.swift; sourceTree = "<group>"; };
		63F4292C2A672D9D00D4C452 /* BluetoothManager2.swift */ = {isa = PBXFileReference; fileEncoding = 4; lastKnownFileType = sourcecode.swift; path = BluetoothManager2.swift; sourceTree = "<group>"; };
		63F4292E2A672DBC00D4C452 /* fileOperations.swift */ = {isa = PBXFileReference; fileEncoding = 4; lastKnownFileType = sourcecode.swift; path = fileOperations.swift; sourceTree = "<group>"; };
		63F429302A672DF800D4C452 /* ConnectedView.swift */ = {isa = PBXFileReference; fileEncoding = 4; lastKnownFileType = sourcecode.swift; path = ConnectedView.swift; sourceTree = "<group>"; };
		63F429322A672E4E00D4C452 /* Parser.swift */ = {isa = PBXFileReference; fileEncoding = 4; lastKnownFileType = sourcecode.swift; path = Parser.swift; sourceTree = "<group>"; };
		63F429342A672E6200D4C452 /* SortData.swift */ = {isa = PBXFileReference; fileEncoding = 4; lastKnownFileType = sourcecode.swift; path = SortData.swift; sourceTree = "<group>"; };
		63F429362A672E7500D4C452 /* MakeData.swift */ = {isa = PBXFileReference; fileEncoding = 4; lastKnownFileType = sourcecode.swift; path = MakeData.swift; sourceTree = "<group>"; };
		63F429382A672E7F00D4C452 /* ChartView.swift */ = {isa = PBXFileReference; fileEncoding = 4; lastKnownFileType = sourcecode.swift; path = ChartView.swift; sourceTree = "<group>"; };
		63F4293B2A6981F600D4C452 /* PairView.swift */ = {isa = PBXFileReference; lastKnownFileType = sourcecode.swift; path = PairView.swift; sourceTree = "<group>"; };
/* End PBXFileReference section */

/* Begin PBXFrameworksBuildPhase section */
		63F429162A672C2A00D4C452 /* Frameworks */ = {
			isa = PBXFrameworksBuildPhase;
			buildActionMask = 2147483647;
			files = (
			);
			runOnlyForDeploymentPostprocessing = 0;
		};
/* End PBXFrameworksBuildPhase section */

/* Begin PBXGroup section */
		6328660A2A7065C1002040CE /* StoryboardFiles */ = {
			isa = PBXGroup;
			children = (
				632866342A717E14002040CE /* Main.storyboard */,
				632866332A717E14002040CE /* ViewController.swift */,
				632866372A71868F002040CE /* fart.gif */,
				632866392A784648002040CE /* circle.gif */,
				6328660D2A717B90002040CE /* fart1.gif */,
				6328660F2A717C6F002040CE /* gifLoader.swift */,
			);
			path = StoryboardFiles;
			sourceTree = "<group>";
		};
		635364D82A6984A3001349F8 /* BluetoothManagers */ = {
			isa = PBXGroup;
			children = (
				635364D62A69849E001349F8 /* BluetoothManager1.swift */,
				63F4292C2A672D9D00D4C452 /* BluetoothManager2.swift */,
			);
			path = BluetoothManagers;
			sourceTree = "<group>";
		};
		635364DB2A698AC4001349F8 /* dataOperations */ = {
			isa = PBXGroup;
			children = (
				63F4292E2A672DBC00D4C452 /* fileOperations.swift */,
				63F429322A672E4E00D4C452 /* Parser.swift */,
				63F429362A672E7500D4C452 /* MakeData.swift */,
				63F429342A672E6200D4C452 /* SortData.swift */,
			);
			path = dataOperations;
			sourceTree = "<group>";
		};
		63F429102A672C2A00D4C452 = {
			isa = PBXGroup;
			children = (
				63F4291B2A672C2A00D4C452 /* SmartUndiesV1 */,
				63F4291A2A672C2A00D4C452 /* Products */,
			);
			sourceTree = "<group>";
		};
		63F4291A2A672C2A00D4C452 /* Products */ = {
			isa = PBXGroup;
			children = (
				63F429192A672C2A00D4C452 /* SmartUndiesV1.app */,
			);
			name = Products;
			sourceTree = "<group>";
		};
		63F4291B2A672C2A00D4C452 /* SmartUndiesV1 */ = {
			isa = PBXGroup;
			children = (
				635364DE2A69AF15001349F8 /* Info.plist */,
				63F4291C2A672C2A00D4C452 /* SmartUndiesV1App.swift */,
				63F4293A2A69807300D4C452 /* Views */,
				635364D82A6984A3001349F8 /* BluetoothManagers */,
				635364DB2A698AC4001349F8 /* dataOperations */,
				6328660A2A7065C1002040CE /* StoryboardFiles */,
				63F429202A672C2C00D4C452 /* Assets.xcassets */,
				63F429222A672C2C00D4C452 /* Preview Content */,
			);
			path = SmartUndiesV1;
			sourceTree = "<group>";
		};
		63F429222A672C2C00D4C452 /* Preview Content */ = {
			isa = PBXGroup;
			children = (
				63F429232A672C2C00D4C452 /* Preview Assets.xcassets */,
			);
			path = "Preview Content";
			sourceTree = "<group>";
		};
		63F4293A2A69807300D4C452 /* Views */ = {
			isa = PBXGroup;
			children = (
				635364DF2A6AD1A4001349F8 /* WelcomeView.swift */,
				60A42E272B86738800D03997 /* hexColor.swift */,
				635364E32A6AD875001349F8 /* InstructionSheetView.swift */,
				635364E12A6AD1B1001349F8 /* InstructionView.swift */,
				63F4293B2A6981F600D4C452 /* PairView.swift */,
				635364D92A698643001349F8 /* PairedView.swift */,
				635364DC2A698CBA001349F8 /* TimerView.swift */,
				63F4292A2A672D9600D4C452 /* PeripheralView.swift */,
				63F429302A672DF800D4C452 /* ConnectedView.swift */,
				632866082A705C27002040CE /* CompleteView.swift */,
				63F429382A672E7F00D4C452 /* ChartView.swift */,
				63F4291E2A672C2A00D4C452 /* ContentView.swift */,
				632866062A704F52002040CE /* AnalysisView.swift */,
			);
			path = Views;
			sourceTree = "<group>";
		};
/* End PBXGroup section */

/* Begin PBXNativeTarget section */
		63F429182A672C2A00D4C452 /* SmartUndiesV1 */ = {
			isa = PBXNativeTarget;
			buildConfigurationList = 63F429272A672C2C00D4C452 /* Build configuration list for PBXNativeTarget "SmartUndiesV1" */;
			buildPhases = (
				63F429152A672C2A00D4C452 /* Sources */,
				63F429162A672C2A00D4C452 /* Frameworks */,
				63F429172A672C2A00D4C452 /* Resources */,
			);
			buildRules = (
			);
			dependencies = (
			);
			name = SmartUndiesV1;
			productName = SmartUndiesV1;
			productReference = 63F429192A672C2A00D4C452 /* SmartUndiesV1.app */;
			productType = "com.apple.product-type.application";
		};
/* End PBXNativeTarget section */

/* Begin PBXProject section */
		63F429112A672C2A00D4C452 /* Project object */ = {
			isa = PBXProject;
			attributes = {
				BuildIndependentTargetsInParallel = 1;
				LastSwiftUpdateCheck = 1430;
				LastUpgradeCheck = 1430;
				TargetAttributes = {
					63F429182A672C2A00D4C452 = {
						CreatedOnToolsVersion = 14.3.1;
					};
				};
			};
			buildConfigurationList = 63F429142A672C2A00D4C452 /* Build configuration list for PBXProject "SmartUndiesV1" */;
			compatibilityVersion = "Xcode 14.0";
			developmentRegion = en;
			hasScannedForEncodings = 0;
			knownRegions = (
				en,
				Base,
			);
			mainGroup = 63F429102A672C2A00D4C452;
			productRefGroup = 63F4291A2A672C2A00D4C452 /* Products */;
			projectDirPath = "";
			projectRoot = "";
			targets = (
				63F429182A672C2A00D4C452 /* SmartUndiesV1 */,
			);
		};
/* End PBXProject section */

/* Begin PBXResourcesBuildPhase section */
		63F429172A672C2A00D4C452 /* Resources */ = {
			isa = PBXResourcesBuildPhase;
			buildActionMask = 2147483647;
			files = (
				6328663A2A784648002040CE /* circle.gif in Resources */,
				632866362A717E14002040CE /* Main.storyboard in Resources */,
				63F429242A672C2C00D4C452 /* Preview Assets.xcassets in Resources */,
				63F429212A672C2C00D4C452 /* Assets.xcassets in Resources */,
				6328660E2A717B90002040CE /* fart1.gif in Resources */,
				632866382A71868F002040CE /* fart.gif in Resources */,
			);
			runOnlyForDeploymentPostprocessing = 0;
		};
/* End PBXResourcesBuildPhase section */

/* Begin PBXSourcesBuildPhase section */
		63F429152A672C2A00D4C452 /* Sources */ = {
			isa = PBXSourcesBuildPhase;
			buildActionMask = 2147483647;
			files = (
				635364DD2A698CBA001349F8 /* TimerView.swift in Sources */,
				632866072A704F52002040CE /* AnalysisView.swift in Sources */,
				635364DA2A698643001349F8 /* PairedView.swift in Sources */,
				63F429372A672E7500D4C452 /* MakeData.swift in Sources */,
				63F4291F2A672C2A00D4C452 /* ContentView.swift in Sources */,
				63F4291D2A672C2A00D4C452 /* SmartUndiesV1App.swift in Sources */,
				63F429392A672E7F00D4C452 /* ChartView.swift in Sources */,
				632866092A705C27002040CE /* CompleteView.swift in Sources */,
				63F429312A672DF800D4C452 /* ConnectedView.swift in Sources */,
				60A42E282B86738800D03997 /* hexColor.swift in Sources */,
				63F429352A672E6200D4C452 /* SortData.swift in Sources */,
				63F4293C2A6981F600D4C452 /* PairView.swift in Sources */,
				632866102A717C6F002040CE /* gifLoader.swift in Sources */,
				63F4292D2A672D9D00D4C452 /* BluetoothManager2.swift in Sources */,
				635364E42A6AD875001349F8 /* InstructionSheetView.swift in Sources */,
				635364E02A6AD1A4001349F8 /* WelcomeView.swift in Sources */,
				635364D72A69849E001349F8 /* BluetoothManager1.swift in Sources */,
				63F4292B2A672D9600D4C452 /* PeripheralView.swift in Sources */,
				635364E22A6AD1B1001349F8 /* InstructionView.swift in Sources */,
				632866352A717E14002040CE /* ViewController.swift in Sources */,
				63F4292F2A672DBC00D4C452 /* fileOperations.swift in Sources */,
				63F429332A672E4E00D4C452 /* Parser.swift in Sources */,
			);
			runOnlyForDeploymentPostprocessing = 0;
		};
/* End PBXSourcesBuildPhase section */

/* Begin XCBuildConfiguration section */
		63F429252A672C2C00D4C452 /* Debug */ = {
			isa = XCBuildConfiguration;
			buildSettings = {
				ALWAYS_SEARCH_USER_PATHS = NO;
				CLANG_ANALYZER_NONNULL = YES;
				CLANG_ANALYZER_NUMBER_OBJECT_CONVERSION = YES_AGGRESSIVE;
				CLANG_CXX_LANGUAGE_STANDARD = "gnu++20";
				CLANG_ENABLE_MODULES = YES;
				CLANG_ENABLE_OBJC_ARC = YES;
				CLANG_ENABLE_OBJC_WEAK = YES;
				CLANG_WARN_BLOCK_CAPTURE_AUTORELEASING = YES;
				CLANG_WARN_BOOL_CONVERSION = YES;
				CLANG_WARN_COMMA = YES;
				CLANG_WARN_CONSTANT_CONVERSION = YES;
				CLANG_WARN_DEPRECATED_OBJC_IMPLEMENTATIONS = YES;
				CLANG_WARN_DIRECT_OBJC_ISA_USAGE = YES_ERROR;
				CLANG_WARN_DOCUMENTATION_COMMENTS = YES;
				CLANG_WARN_EMPTY_BODY = YES;
				CLANG_WARN_ENUM_CONVERSION = YES;
				CLANG_WARN_INFINITE_RECURSION = YES;
				CLANG_WARN_INT_CONVERSION = YES;
				CLANG_WARN_NON_LITERAL_NULL_CONVERSION = YES;
				CLANG_WARN_OBJC_IMPLICIT_RETAIN_SELF = YES;
				CLANG_WARN_OBJC_LITERAL_CONVERSION = YES;
				CLANG_WARN_OBJC_ROOT_CLASS = YES_ERROR;
				CLANG_WARN_QUOTED_INCLUDE_IN_FRAMEWORK_HEADER = YES;
				CLANG_WARN_RANGE_LOOP_ANALYSIS = YES;
				CLANG_WARN_STRICT_PROTOTYPES = YES;
				CLANG_WARN_SUSPICIOUS_MOVE = YES;
				CLANG_WARN_UNGUARDED_AVAILABILITY = YES_AGGRESSIVE;
				CLANG_WARN_UNREACHABLE_CODE = YES;
				CLANG_WARN__DUPLICATE_METHOD_MATCH = YES;
				COPY_PHASE_STRIP = NO;
				DEBUG_INFORMATION_FORMAT = dwarf;
				ENABLE_STRICT_OBJC_MSGSEND = YES;
				ENABLE_TESTABILITY = YES;
				GCC_C_LANGUAGE_STANDARD = gnu11;
				GCC_DYNAMIC_NO_PIC = NO;
				GCC_NO_COMMON_BLOCKS = YES;
				GCC_OPTIMIZATION_LEVEL = 0;
				GCC_PREPROCESSOR_DEFINITIONS = (
					"DEBUG=1",
					"$(inherited)",
				);
				GCC_WARN_64_TO_32_BIT_CONVERSION = YES;
				GCC_WARN_ABOUT_RETURN_TYPE = YES_ERROR;
				GCC_WARN_UNDECLARED_SELECTOR = YES;
				GCC_WARN_UNINITIALIZED_AUTOS = YES_AGGRESSIVE;
				GCC_WARN_UNUSED_FUNCTION = YES;
				GCC_WARN_UNUSED_VARIABLE = YES;
				IPHONEOS_DEPLOYMENT_TARGET = 16.3;
				MTL_ENABLE_DEBUG_INFO = INCLUDE_SOURCE;
				MTL_FAST_MATH = YES;
				ONLY_ACTIVE_ARCH = YES;
				SDKROOT = iphoneos;
				SWIFT_ACTIVE_COMPILATION_CONDITIONS = DEBUG;
				SWIFT_OPTIMIZATION_LEVEL = "-Onone";
			};
			name = Debug;
		};
		63F429262A672C2C00D4C452 /* Release */ = {
			isa = XCBuildConfiguration;
			buildSettings = {
				ALWAYS_SEARCH_USER_PATHS = NO;
				CLANG_ANALYZER_NONNULL = YES;
				CLANG_ANALYZER_NUMBER_OBJECT_CONVERSION = YES_AGGRESSIVE;
				CLANG_CXX_LANGUAGE_STANDARD = "gnu++20";
				CLANG_ENABLE_MODULES = YES;
				CLANG_ENABLE_OBJC_ARC = YES;
				CLANG_ENABLE_OBJC_WEAK = YES;
				CLANG_WARN_BLOCK_CAPTURE_AUTORELEASING = YES;
				CLANG_WARN_BOOL_CONVERSION = YES;
				CLANG_WARN_COMMA = YES;
				CLANG_WARN_CONSTANT_CONVERSION = YES;
				CLANG_WARN_DEPRECATED_OBJC_IMPLEMENTATIONS = YES;
				CLANG_WARN_DIRECT_OBJC_ISA_USAGE = YES_ERROR;
				CLANG_WARN_DOCUMENTATION_COMMENTS = YES;
				CLANG_WARN_EMPTY_BODY = YES;
				CLANG_WARN_ENUM_CONVERSION = YES;
				CLANG_WARN_INFINITE_RECURSION = YES;
				CLANG_WARN_INT_CONVERSION = YES;
				CLANG_WARN_NON_LITERAL_NULL_CONVERSION = YES;
				CLANG_WARN_OBJC_IMPLICIT_RETAIN_SELF = YES;
				CLANG_WARN_OBJC_LITERAL_CONVERSION = YES;
				CLANG_WARN_OBJC_ROOT_CLASS = YES_ERROR;
				CLANG_WARN_QUOTED_INCLUDE_IN_FRAMEWORK_HEADER = YES;
				CLANG_WARN_RANGE_LOOP_ANALYSIS = YES;
				CLANG_WARN_STRICT_PROTOTYPES = YES;
				CLANG_WARN_SUSPICIOUS_MOVE = YES;
				CLANG_WARN_UNGUARDED_AVAILABILITY = YES_AGGRESSIVE;
				CLANG_WARN_UNREACHABLE_CODE = YES;
				CLANG_WARN__DUPLICATE_METHOD_MATCH = YES;
				COPY_PHASE_STRIP = NO;
				DEBUG_INFORMATION_FORMAT = "dwarf-with-dsym";
				ENABLE_NS_ASSERTIONS = NO;
				ENABLE_STRICT_OBJC_MSGSEND = YES;
				GCC_C_LANGUAGE_STANDARD = gnu11;
				GCC_NO_COMMON_BLOCKS = YES;
				GCC_WARN_64_TO_32_BIT_CONVERSION = YES;
				GCC_WARN_ABOUT_RETURN_TYPE = YES_ERROR;
				GCC_WARN_UNDECLARED_SELECTOR = YES;
				GCC_WARN_UNINITIALIZED_AUTOS = YES_AGGRESSIVE;
				GCC_WARN_UNUSED_FUNCTION = YES;
				GCC_WARN_UNUSED_VARIABLE = YES;
				IPHONEOS_DEPLOYMENT_TARGET = 16.3;
				MTL_ENABLE_DEBUG_INFO = NO;
				MTL_FAST_MATH = YES;
				SDKROOT = iphoneos;
				SWIFT_COMPILATION_MODE = wholemodule;
				SWIFT_OPTIMIZATION_LEVEL = "-O";
				VALIDATE_PRODUCT = YES;
			};
			name = Release;
		};
		63F429282A672C2C00D4C452 /* Debug */ = {
			isa = XCBuildConfiguration;
			buildSettings = {
				ASSETCATALOG_COMPILER_APPICON_NAME = "AppIcon 1";
				ASSETCATALOG_COMPILER_GLOBAL_ACCENT_COLOR_NAME = AccentColor;
				ASSETCATALOG_COMPILER_INCLUDE_ALL_APPICON_ASSETS = NO;
				CODE_SIGN_STYLE = Automatic;
				CURRENT_PROJECT_VERSION = 1;
				DEVELOPMENT_ASSET_PATHS = "\"SmartUndiesV1/Preview Content\"";
				DEVELOPMENT_TEAM = Y5B6AVR8D7;
				ENABLE_PREVIEWS = YES;
				GENERATE_INFOPLIST_FILE = YES;
				INFOPLIST_FILE = SmartUndiesV1/Info.plist;
				INFOPLIST_KEY_CFBundleDisplayName = "Smart Undies";
				INFOPLIST_KEY_NSBluetoothAlwaysUsageDescription = "";
				INFOPLIST_KEY_NSBluetoothPeripheralUsageDescription = "";
				INFOPLIST_KEY_UIApplicationSceneManifest_Generation = YES;
				INFOPLIST_KEY_UIApplicationSupportsIndirectInputEvents = YES;
				INFOPLIST_KEY_UILaunchStoryboardName = LaunchScreen.storyboard;
				INFOPLIST_KEY_UISupportedInterfaceOrientations_iPad = "UIInterfaceOrientationPortrait UIInterfaceOrientationPortraitUpsideDown UIInterfaceOrientationLandscapeLeft UIInterfaceOrientationLandscapeRight";
				INFOPLIST_KEY_UISupportedInterfaceOrientations_iPhone = "UIInterfaceOrientationPortrait UIInterfaceOrientationLandscapeLeft UIInterfaceOrientationLandscapeRight";
				IPHONEOS_DEPLOYMENT_TARGET = 16.1;
				LD_RUNPATH_SEARCH_PATHS = (
					"$(inherited)",
					"@executable_path/Frameworks",
				);
				MARKETING_VERSION = 1.0;
				PRODUCT_BUNDLE_IDENTIFIER = com.DavidZhan.SmartUndiesV1;
				PRODUCT_NAME = "$(TARGET_NAME)";
				SWIFT_EMIT_LOC_STRINGS = YES;
				SWIFT_VERSION = 5.0;
				TARGETED_DEVICE_FAMILY = "1,2";
			};
			name = Debug;
		};
		63F429292A672C2C00D4C452 /* Release */ = {
			isa = XCBuildConfiguration;
			buildSettings = {
				ASSETCATALOG_COMPILER_APPICON_NAME = "AppIcon 1";
				ASSETCATALOG_COMPILER_GLOBAL_ACCENT_COLOR_NAME = AccentColor;
				ASSETCATALOG_COMPILER_INCLUDE_ALL_APPICON_ASSETS = NO;
				CODE_SIGN_STYLE = Automatic;
				CURRENT_PROJECT_VERSION = 1;
				DEVELOPMENT_ASSET_PATHS = "\"SmartUndiesV1/Preview Content\"";
				DEVELOPMENT_TEAM = Y5B6AVR8D7;
				ENABLE_PREVIEWS = YES;
				GENERATE_INFOPLIST_FILE = YES;
				INFOPLIST_FILE = SmartUndiesV1/Info.plist;
				INFOPLIST_KEY_CFBundleDisplayName = "Smart Undies";
				INFOPLIST_KEY_NSBluetoothAlwaysUsageDescription = "";
				INFOPLIST_KEY_NSBluetoothPeripheralUsageDescription = "";
				INFOPLIST_KEY_UIApplicationSceneManifest_Generation = YES;
				INFOPLIST_KEY_UIApplicationSupportsIndirectInputEvents = YES;
				INFOPLIST_KEY_UILaunchStoryboardName = LaunchScreen.storyboard;
				INFOPLIST_KEY_UISupportedInterfaceOrientations_iPad = "UIInterfaceOrientationPortrait UIInterfaceOrientationPortraitUpsideDown UIInterfaceOrientationLandscapeLeft UIInterfaceOrientationLandscapeRight";
				INFOPLIST_KEY_UISupportedInterfaceOrientations_iPhone = "UIInterfaceOrientationPortrait UIInterfaceOrientationLandscapeLeft UIInterfaceOrientationLandscapeRight";
				IPHONEOS_DEPLOYMENT_TARGET = 16.1;
				LD_RUNPATH_SEARCH_PATHS = (
					"$(inherited)",
					"@executable_path/Frameworks",
				);
				MARKETING_VERSION = 1.0;
				PRODUCT_BUNDLE_IDENTIFIER = com.DavidZhan.SmartUndiesV1;
				PRODUCT_NAME = "$(TARGET_NAME)";
				SWIFT_EMIT_LOC_STRINGS = YES;
				SWIFT_VERSION = 5.0;
				TARGETED_DEVICE_FAMILY = "1,2";
			};
			name = Release;
		};
/* End XCBuildConfiguration section */

/* Begin XCConfigurationList section */
		63F429142A672C2A00D4C452 /* Build configuration list for PBXProject "SmartUndiesV1" */ = {
			isa = XCConfigurationList;
			buildConfigurations = (
				63F429252A672C2C00D4C452 /* Debug */,
				63F429262A672C2C00D4C452 /* Release */,
			);
			defaultConfigurationIsVisible = 0;
			defaultConfigurationName = Release;
		};
		63F429272A672C2C00D4C452 /* Build configuration list for PBXNativeTarget "SmartUndiesV1" */ = {
			isa = XCConfigurationList;
			buildConfigurations = (
				63F429282A672C2C00D4C452 /* Debug */,
				63F429292A672C2C00D4C452 /* Release */,
			);
			defaultConfigurationIsVisible = 0;
			defaultConfigurationName = Release;
		};
/* End XCConfigurationList section */
	};
	rootObject = 63F429112A672C2A00D4C452 /* Project object */;
}
